// !$*UTF8*$!
{
	archiveVersion = 1;
	classes = {
	};
	objectVersion = 46;
	objects = {

/* Begin PBXBuildFile section */
		B91FA6451C764EEE0064D26F /* main.cpp in Sources */ = {isa = PBXBuildFile; fileRef = B91FA6441C764EEE0064D26F /* main.cpp */; };
		B91FA64D1C765B6B0064D26F /* functions.cpp in Sources */ = {isa = PBXBuildFile; fileRef = B91FA64B1C765B6B0064D26F /* functions.cpp */; };
/* End PBXBuildFile section */

/* Begin PBXCopyFilesBuildPhase section */
		B91FA63F1C764EEE0064D26F /* CopyFiles */ = {
			isa = PBXCopyFilesBuildPhase;
			buildActionMask = 2147483647;
			dstPath = /usr/share/man/man1/;
			dstSubfolderSpec = 0;
			files = (
			);
			runOnlyForDeploymentPostprocessing = 1;
		};
/* End PBXCopyFilesBuildPhase section */

/* Begin PBXFileReference section */
		B91FA6411C764EEE0064D26F /* Project 2 */ = {isa = PBXFileReference; explicitFileType = "compiled.mach-o.executable"; includeInIndex = 0; path = "Project 2"; sourceTree = BUILT_PRODUCTS_DIR; };
		B91FA6441C764EEE0064D26F /* main.cpp */ = {isa = PBXFileReference; lastKnownFileType = sourcecode.cpp.cpp; path = main.cpp; sourceTree = "<group>"; };
		B91FA64B1C765B6B0064D26F /* functions.cpp */ = {isa = PBXFileReference; fileEncoding = 4; lastKnownFileType = sourcecode.cpp.cpp; path = functions.cpp; sourceTree = "<group>"; };
		B91FA64C1C765B6B0064D26F /* functions.hpp */ = {isa = PBXFileReference; fileEncoding = 4; lastKnownFileType = sourcecode.cpp.h; path = functions.hpp; sourceTree = "<group>"; };
/* End PBXFileReference section */

/* Begin PBXFrameworksBuildPhase section */
		B91FA63E1C764EEE0064D26F /* Frameworks */ = {
			isa = PBXFrameworksBuildPhase;
			buildActionMask = 2147483647;
			files = (
			);
			runOnlyForDeploymentPostprocessing = 0;
		};
/* End PBXFrameworksBuildPhase section */

/* Begin PBXGroup section */
		B91FA6381C764EEE0064D26F = {
			isa = PBXGroup;
			children = (
				B91FA6431C764EEE0064D26F /* Project 2 */,
				B91FA6421C764EEE0064D26F /* Products */,
			);
			sourceTree = "<group>";
		};
		B91FA6421C764EEE0064D26F /* Products */ = {
			isa = PBXGroup;
			children = (
				B91FA6411C764EEE0064D26F /* Project 2 */,
			);
			name = Products;
			sourceTree = "<group>";
		};
		B91FA6431C764EEE0064D26F /* Project 2 */ = {
			isa = PBXGroup;
			children = (
				B91FA6441C764EEE0064D26F /* main.cpp */,
				B91FA64B1C765B6B0064D26F /* functions.cpp */,
				B91FA64C1C765B6B0064D26F /* functions.hpp */,
			);
			path = "Project 2";
			sourceTree = "<group>";
		};
/* End PBXGroup section */

/* Begin PBXNativeTarget section */
		B91FA6401C764EEE0064D26F /* Project 2 */ = {
			isa = PBXNativeTarget;
			buildConfigurationList = B91FA6481C764EEE0064D26F /* Build configuration list for PBXNativeTarget "Project 2" */;
			buildPhases = (
				B91FA63D1C764EEE0064D26F /* Sources */,
				B91FA63E1C764EEE0064D26F /* Frameworks */,
				B91FA63F1C764EEE0064D26F /* CopyFiles */,
			);
			buildRules = (
			);
			dependencies = (
			);
			name = "Project 2";
			productName = "Project 2";
			productReference = B91FA6411C764EEE0064D26F /* Project 2 */;
			productType = "com.apple.product-type.tool";
		};
/* End PBXNativeTarget section */

/* Begin PBXProject section */
		B91FA6391C764EEE0064D26F /* Project object */ = {
			isa = PBXProject;
			attributes = {
				LastUpgradeCheck = 0720;
				ORGANIZATIONNAME = "Curtis Rau";
				TargetAttributes = {
					B91FA6401C764EEE0064D26F = {
						CreatedOnToolsVersion = 7.2.1;
					};
				};
			};
			buildConfigurationList = B91FA63C1C764EEE0064D26F /* Build configuration list for PBXProject "Project 2" */;
			compatibilityVersion = "Xcode 3.2";
			developmentRegion = English;
			hasScannedForEncodings = 0;
			knownRegions = (
				en,
			);
			mainGroup = B91FA6381C764EEE0064D26F;
			productRefGroup = B91FA6421C764EEE0064D26F /* Products */;
			projectDirPath = "";
			projectRoot = "";
			targets = (
				B91FA6401C764EEE0064D26F /* Project 2 */,
			);
		};
/* End PBXProject section */

/* Begin PBXSourcesBuildPhase section */
		B91FA63D1C764EEE0064D26F /* Sources */ = {
			isa = PBXSourcesBuildPhase;
			buildActionMask = 2147483647;
			files = (
				B91FA6451C764EEE0064D26F /* main.cpp in Sources */,
				B91FA64D1C765B6B0064D26F /* functions.cpp in Sources */,
			);
			runOnlyForDeploymentPostprocessing = 0;
		};
/* End PBXSourcesBuildPhase section */

/* Begin XCBuildConfiguration section */
		B91FA6461C764EEE0064D26F /* Debug */ = {
			isa = XCBuildConfiguration;
			buildSettings = {
				ALWAYS_SEARCH_USER_PATHS = NO;
				CLANG_CXX_LANGUAGE_STANDARD = "gnu++0x";
				CLANG_CXX_LIBRARY = "libc++";
				CLANG_ENABLE_MODULES = YES;
				CLANG_ENABLE_OBJC_ARC = YES;
				CLANG_WARN_BOOL_CONVERSION = YES;
				CLANG_WARN_CONSTANT_CONVERSION = YES;
				CLANG_WARN_DIRECT_OBJC_ISA_USAGE = YES_ERROR;
				CLANG_WARN_EMPTY_BODY = YES;
				CLANG_WARN_ENUM_CONVERSION = YES;
				CLANG_WARN_INT_CONVERSION = YES;
				CLANG_WARN_OBJC_ROOT_CLASS = YES_ERROR;
				CLANG_WARN_UNREACHABLE_CODE = YES;
				CLANG_WARN__DUPLICATE_METHOD_MATCH = YES;
				CODE_SIGN_IDENTITY = "-";
				COPY_PHASE_STRIP = NO;
				DEBUG_INFORMATION_FORMAT = dwarf;
				ENABLE_STRICT_OBJC_MSGSEND = YES;
				ENABLE_TESTABILITY = YES;
				GCC_C_LANGUAGE_STANDARD = gnu99;
				GCC_DYNAMIC_NO_PIC = NO;
				GCC_NO_COMMON_BLOCKS = YES;
				GCC_OPTIMIZATION_LEVEL = 0;
				GCC_PREPROCESSOR_DEFINITIONS = (
					"DEBUG=1",
					"$(inherited)",
				);
				GCC_WARN_64_TO_32_BIT_CONVERSION = YES;
				GCC_WARN_ABOUT_RETURN_TYPE = YES_ERROR;
				GCC_WARN_UNDECLARED_SELECTOR = YES;
				GCC_WARN_UNINITIALIZED_AUTOS = YES_AGGRESSIVE;
				GCC_WARN_UNUSED_FUNCTION = YES;
				GCC_WARN_UNUSED_VARIABLE = YES;
				MACOSX_DEPLOYMENT_TARGET = 10.11;
				MTL_ENABLE_DEBUG_INFO = YES;
				ONLY_ACTIVE_ARCH = YES;
				SDKROOT = macosx;
			};
			name = Debug;
		};
		B91FA6471C764EEE0064D26F /* Release */ = {
			isa = XCBuildConfiguration;
			buildSettings = {
				ALWAYS_SEARCH_USER_PATHS = NO;
				CLANG_CXX_LANGUAGE_STANDARD = "gnu++0x";
				CLANG_CXX_LIBRARY = "libc++";
				CLANG_ENABLE_MODULES = YES;
				CLANG_ENABLE_OBJC_ARC = YES;
				CLANG_WARN_BOOL_CONVERSION = YES;
				CLANG_WARN_CONSTANT_CONVERSION = YES;
				CLANG_WARN_DIRECT_OBJC_ISA_USAGE = YES_ERROR;
				CLANG_WARN_EMPTY_BODY = YES;
				CLANG_WARN_ENUM_CONVERSION = YES;
				CLANG_WARN_INT_CONVERSION = YES;
				CLANG_WARN_OBJC_ROOT_CLASS = YES_ERROR;
				CLANG_WARN_UNREACHABLE_CODE = YES;
				CLANG_WARN__DUPLICATE_METHOD_MATCH = YES;
				CODE_SIGN_IDENTITY = "-";
				COPY_PHASE_STRIP = NO;
				DEBUG_INFORMATION_FORMAT = "dwarf-with-dsym";
				ENABLE_NS_ASSERTIONS = NO;
				ENABLE_STRICT_OBJC_MSGSEND = YES;
				GCC_C_LANGUAGE_STANDARD = gnu99;
				GCC_NO_COMMON_BLOCKS = YES;
				GCC_WARN_64_TO_32_BIT_CONVERSION = YES;
				GCC_WARN_ABOUT_RETURN_TYPE = YES_ERROR;
				GCC_WARN_UNDECLARED_SELECTOR = YES;
				GCC_WARN_UNINITIALIZED_AUTOS = YES_AGGRESSIVE;
				GCC_WARN_UNUSED_FUNCTION = YES;
				GCC_WARN_UNUSED_VARIABLE = YES;
				MACOSX_DEPLOYMENT_TARGET = 10.11;
				MTL_ENABLE_DEBUG_INFO = NO;
				SDKROOT = macosx;
			};
			name = Release;
		};
		B91FA6491C764EEE0064D26F /* Debug */ = {
			isa = XCBuildConfiguration;
			buildSettings = {
				PRODUCT_NAME = "$(TARGET_NAME)";
			};
			name = Debug;
		};
		B91FA64A1C764EEE0064D26F /* Release */ = {
			isa = XCBuildConfiguration;
			buildSettings = {
				PRODUCT_NAME = "$(TARGET_NAME)";
			};
			name = Release;
		};
/* End XCBuildConfiguration section */

/* Begin XCConfigurationList section */
		B91FA63C1C764EEE0064D26F /* Build configuration list for PBXProject "Project 2" */ = {
			isa = XCConfigurationList;
			buildConfigurations = (
				B91FA6461C764EEE0064D26F /* Debug */,
				B91FA6471C764EEE0064D26F /* Release */,
			);
			defaultConfigurationIsVisible = 0;
			defaultConfigurationName = Release;
		};
		B91FA6481C764EEE0064D26F /* Build configuration list for PBXNativeTarget "Project 2" */ = {
			isa = XCConfigurationList;
			buildConfigurations = (
				B91FA6491C764EEE0064D26F /* Debug */,
				B91FA64A1C764EEE0064D26F /* Release */,
			);
			defaultConfigurationIsVisible = 0;
		};
/* End XCConfigurationList section */
	};
	rootObject = B91FA6391C764EEE0064D26F /* Project object */;
}
